
Microsoft Visual Studio Solution File, Format Version 12.00
# Visual Studio Version 16
VisualStudioVersion = 16.0.29613.14
MinimumVisualStudioVersion = 10.0.40219.1
Project("{FAE04EC0-301F-11D3-BF4B-00C04F79EFBC}") = "FunctionalProgramming", "FunctionalProgramming\FunctionalProgramming.csproj", "{EB6B2B77-75F3-473B-A813-04E3A3C3B906}"
EndProject
Global
	GlobalSection(SolutionConfigurationPlatforms) = preSolution
		Debug|Any CPU = Debug|Any CPU
		Release|Any CPU = Release|Any CPU
	EndGlobalSection
	GlobalSection(ProjectConfigurationPlatforms) = postSolution
		{EB6B2B77-75F3-473B-A813-04E3A3C3B906}.Debug|Any CPU.ActiveCfg = Debug|Any CPU
		{EB6B2B77-75F3-473B-A813-04E3A3C3B906}.Debug|Any CPU.Build.0 = Debug|Any CPU
		{EB6B2B77-75F3-473B-A813-04E3A3C3B906}.Release|Any CPU.ActiveCfg = Release|Any CPU
		{EB6B2B77-75F3-473B-A813-04E3A3C3B906}.Release|Any CPU.Build.0 = Release|Any CPU
	EndGlobalSection
	GlobalSection(SolutionProperties) = preSolution
		HideSolutionNode = FALSE
	EndGlobalSection
	GlobalSection(ExtensibilityGlobals) = postSolution
		SolutionGuid = {9A5BA953-56BF-491B-91DD-2D9D61F44339}
	EndGlobalSection
EndGlobal
