
Microsoft Visual Studio Solution File, Format Version 12.00
# Visual Studio Version 16
VisualStudioVersion = 16.0.29613.14
MinimumVisualStudioVersion = 10.0.40219.1
Project("{FAE04EC0-301F-11D3-BF4B-00C04F79EFBC}") = "Algorithm", "Algorithm\Algorithm.csproj", "{2E20BB77-9738-488B-AFD9-30E6BABAAB83}"
EndProject
Global
	GlobalSection(SolutionConfigurationPlatforms) = preSolution
		Debug|Any CPU = Debug|Any CPU
		Release|Any CPU = Release|Any CPU
	EndGlobalSection
	GlobalSection(ProjectConfigurationPlatforms) = postSolution
		{2E20BB77-9738-488B-AFD9-30E6BABAAB83}.Debug|Any CPU.ActiveCfg = Debug|Any CPU
		{2E20BB77-9738-488B-AFD9-30E6BABAAB83}.Debug|Any CPU.Build.0 = Debug|Any CPU
		{2E20BB77-9738-488B-AFD9-30E6BABAAB83}.Release|Any CPU.ActiveCfg = Release|Any CPU
		{2E20BB77-9738-488B-AFD9-30E6BABAAB83}.Release|Any CPU.Build.0 = Release|Any CPU
	EndGlobalSection
	GlobalSection(SolutionProperties) = preSolution
		HideSolutionNode = FALSE
	EndGlobalSection
	GlobalSection(ExtensibilityGlobals) = postSolution
		SolutionGuid = {D67F5205-E110-450A-90CC-030C1A686D3A}
	EndGlobalSection
EndGlobal
